
Microsoft Visual Studio Solution File, Format Version 12.00
# Visual Studio Version 16
VisualStudioVersion = 16.0.30104.148
MinimumVisualStudioVersion = 10.0.40219.1
Project("{FAE04EC0-301F-11D3-BF4B-00C04F79EFBC}") = "Transport.ly.Console", "Transport.ly\Transport.ly.Console.csproj", "{BF1584C4-C2B7-41B3-A9D4-8FACDA0874CB}"
EndProject
Global
	GlobalSection(SolutionConfigurationPlatforms) = preSolution
		Debug|Any CPU = Debug|Any CPU
		Release|Any CPU = Release|Any CPU
	EndGlobalSection
	GlobalSection(ProjectConfigurationPlatforms) = postSolution
		{BF1584C4-C2B7-41B3-A9D4-8FACDA0874CB}.Debug|Any CPU.ActiveCfg = Debug|Any CPU
		{BF1584C4-C2B7-41B3-A9D4-8FACDA0874CB}.Debug|Any CPU.Build.0 = Debug|Any CPU
		{BF1584C4-C2B7-41B3-A9D4-8FACDA0874CB}.Release|Any CPU.ActiveCfg = Release|Any CPU
		{BF1584C4-C2B7-41B3-A9D4-8FACDA0874CB}.Release|Any CPU.Build.0 = Release|Any CPU
	EndGlobalSection
	GlobalSection(SolutionProperties) = preSolution
		HideSolutionNode = FALSE
	EndGlobalSection
	GlobalSection(ExtensibilityGlobals) = postSolution
		SolutionGuid = {B896D01B-001F-4CA8-8DAF-3CEE058960B8}
	EndGlobalSection
EndGlobal
